# This file is automatically @generated by Poetry 1.8.2 and should not be changed by hand.

[[package]]
name = "python-ed-fcad-uner"
version = "0.1.2"
description = "Paquete de implementación de estructuras de datos para la asignatura de Programación III de la FCAD-UNER"
optional = false
python-versions = ">=3.10"
files = [
    {file = "python_ed_fcad_uner-0.1.2-py3-none-any.whl", hash = "sha256:97bea4be195a03193ff49473c7ed0c07a1e70500693f5eecb43bf826e10b7c4c"},
    {file = "python_ed_fcad_uner-0.1.2.tar.gz", hash = "sha256:f13826577698e2a0d9dc6f83191c051417ea4183adbb8f55ec953cfdbf81ea97"},
]

[metadata]
lock-version = "2.0"
python-versions = "^3.12"
content-hash = "b71da919036ab4beacd10423a07de3d3a638589baae695bad575b222b6068ee9"
